{"version":4,"terraform_version":"1.9.0","serial":25,"lineage":"d581f55c-e565-1e2c-5e68-7f5b2063c446","outputs":{},"resources":[{"mode":"managed","type":"google_cloud_run_service","name":"quiz-app","provider":"provider[\"registry.opentofu.org/hashicorp/google\"]","instances":[{"schema_version":2,"attributes":{"autogenerate_revision_name":false,"id":"locations/asia-southeast1/namespaces/quiz-app-457308/services/quiz-app","location":"asia-southeast1","metadata":[{"annotations":{},"effective_annotations":{"run.googleapis.com/client-name":"cloud-console","run.googleapis.com/ingress":"all","run.googleapis.com/ingress-status":"all","run.googleapis.com/operation-id":"8aeb3347-d678-4cd7-bcc5-0d391726315c","run.googleapis.com/urls":"[\"https://quiz-app-119033266886.asia-southeast1.run.app\",\"https://quiz-app-2ju3raoqfa-as.a.run.app\"]","serving.knative.dev/creator":"lehungnlb@gmail.com","serving.knative.dev/lastModifier":"lehungnlb@gmail.com"},"effective_labels":{"cloud.googleapis.com/location":"asia-southeast1","run.googleapis.com/satisfiesPzs":"true"},"generation":2,"labels":{},"namespace":"quiz-app-457308","resource_version":"AAYzdZPD5VM","self_link":"/apis/serving.knative.dev/v1/namespaces/119033266886/services/quiz-app","terraform_labels":{},"uid":"570a1596-2a5f-4320-bd7e-96b720463b7c"}],"name":"quiz-app","project":"quiz-app-457308","status":[{"conditions":[{"message":"","reason":"","status":"True","type":"Ready"},{"message":"","reason":"","status":"True","type":"ConfigurationsReady"},{"message":"","reason":"","status":"True","type":"RoutesReady"}],"latest_created_revision_name":"quiz-app-00001-ld5","latest_ready_revision_name":"quiz-app-00001-ld5","observed_generation":2,"traffic":[{"latest_revision":true,"percent":100,"revision_name":"quiz-app-00001-ld5","tag":"","url":""}],"url":"https://quiz-app-2ju3raoqfa-as.a.run.app"}],"template":[{"metadata":[{"annotations":{"autoscaling.knative.dev/maxScale":"3"},"generation":0,"labels":{"run.googleapis.com/startupProbeType":"Default"},"name":"","namespace":"","resource_version":"","self_link":"","uid":""}],"spec":[{"container_concurrency":80,"containers":[{"args":[],"command":[],"env":[{"name":"MONGODB_CLUSTER","value":"cluster0.boqzife.mongodb.net","value_from":[]},{"name":"MONGODB_DATABASE","value":"quizapp","value_from":[]},{"name":"MONGODB_PASSWORD","value":"12345","value_from":[]},{"name":"MONGODB_USERNAME","value":"root","value_from":[]},{"name":"SECRET_KEY","value":"quizapp123","value_from":[]}],"env_from":[],"image":"docker.io/yuj1n/quizapp:v2","liveness_probe":[],"name":"","ports":[{"container_port":8080,"name":"http1","protocol":""}],"resources":[{"limits":{"cpu":"1000m","memory":"512Mi"},"requests":{}}],"startup_probe":[{"failure_threshold":1,"grpc":[],"http_get":[],"initial_delay_seconds":0,"period_seconds":240,"tcp_socket":[{"port":8080}],"timeout_seconds":240}],"volume_mounts":[],"working_dir":""}],"service_account_name":"119033266886-compute@developer.gserviceaccount.com","serving_state":"","timeout_seconds":300,"volumes":[]}]}],"timeouts":null,"traffic":[{"latest_revision":true,"percent":100,"revision_name":"","tag":"","url":""}]},"sensitive_attributes":[],"private":"eyJlMmJmYjczMC1lY2FhLTExZTYtOGY4OC0zNDM2M2JjN2M0YzAiOnsiY3JlYXRlIjoxMjAwMDAwMDAwMDAwLCJkZWxldGUiOjEyMDAwMDAwMDAwMDAsInVwZGF0ZSI6MTIwMDAwMDAwMDAwMH0sInNjaGVtYV92ZXJzaW9uIjoiMiJ9"}]}],"check_results":null}
